
Microsoft Visual Studio Solution File, Format Version 12.00
# Visual Studio 2012
Project("{FAE04EC0-301F-11D3-BF4B-00C04F79EFBC}") = "Cqrsdemo", "Cqrsdemo.csproj", "{964A4AB7-A60E-43AE-BA0A-1F23F05C2055}"
EndProject
Project("{FAE04EC0-301F-11D3-BF4B-00C04F79EFBC}") = "Cqrsdemo.Specifications", "Cqrsdemo.Specifications\Cqrsdemo.Specifications.csproj", "{AC1ED5CD-915C-4F93-B0CB-01A145C4FE2A}"
EndProject
Project("{FAE04EC0-301F-11D3-BF4B-00C04F79EFBC}") = "Cqrsdemo.Queries", "Cqrsdemo.Queries\Cqrsdemo.Queries.csproj", "{B7B6444D-8178-4CC9-BCBE-71662AC34FAE}"
EndProject
Global
	GlobalSection(SolutionConfigurationPlatforms) = preSolution
		Debug|Any CPU = Debug|Any CPU
		Release|Any CPU = Release|Any CPU
	EndGlobalSection
	GlobalSection(ProjectConfigurationPlatforms) = postSolution
		{964A4AB7-A60E-43AE-BA0A-1F23F05C2055}.Debug|Any CPU.ActiveCfg = Debug|Any CPU
		{964A4AB7-A60E-43AE-BA0A-1F23F05C2055}.Debug|Any CPU.Build.0 = Debug|Any CPU
		{964A4AB7-A60E-43AE-BA0A-1F23F05C2055}.Release|Any CPU.ActiveCfg = Release|Any CPU
		{964A4AB7-A60E-43AE-BA0A-1F23F05C2055}.Release|Any CPU.Build.0 = Release|Any CPU
		{AC1ED5CD-915C-4F93-B0CB-01A145C4FE2A}.Debug|Any CPU.ActiveCfg = Debug|Any CPU
		{AC1ED5CD-915C-4F93-B0CB-01A145C4FE2A}.Debug|Any CPU.Build.0 = Debug|Any CPU
		{AC1ED5CD-915C-4F93-B0CB-01A145C4FE2A}.Release|Any CPU.ActiveCfg = Release|Any CPU
		{AC1ED5CD-915C-4F93-B0CB-01A145C4FE2A}.Release|Any CPU.Build.0 = Release|Any CPU
		{B7B6444D-8178-4CC9-BCBE-71662AC34FAE}.Debug|Any CPU.ActiveCfg = Debug|Any CPU
		{B7B6444D-8178-4CC9-BCBE-71662AC34FAE}.Debug|Any CPU.Build.0 = Debug|Any CPU
		{B7B6444D-8178-4CC9-BCBE-71662AC34FAE}.Release|Any CPU.ActiveCfg = Release|Any CPU
		{B7B6444D-8178-4CC9-BCBE-71662AC34FAE}.Release|Any CPU.Build.0 = Release|Any CPU
	EndGlobalSection
	GlobalSection(MonoDevelopProperties) = preSolution
		StartupItem = Cqrsdemo.csproj
	EndGlobalSection
EndGlobal
